
Microsoft Visual Studio Solution File, Format Version 12.00
# Visual Studio 15
VisualStudioVersion = 15.0.27004.2005
MinimumVisualStudioVersion = 10.0.40219.1
Project("{FAE04EC0-301F-11D3-BF4B-00C04F79EFBC}") = "InMemoryCache", "InMemoryCache\InMemoryCache.csproj", "{D65F99B5-F79F-471A-8F0A-2D5FA33B22E0}"
EndProject
Global
	GlobalSection(SolutionConfigurationPlatforms) = preSolution
		Debug|Any CPU = Debug|Any CPU
		Release|Any CPU = Release|Any CPU
	EndGlobalSection
	GlobalSection(ProjectConfigurationPlatforms) = postSolution
		{D65F99B5-F79F-471A-8F0A-2D5FA33B22E0}.Debug|Any CPU.ActiveCfg = Debug|Any CPU
		{D65F99B5-F79F-471A-8F0A-2D5FA33B22E0}.Debug|Any CPU.Build.0 = Debug|Any CPU
		{D65F99B5-F79F-471A-8F0A-2D5FA33B22E0}.Release|Any CPU.ActiveCfg = Release|Any CPU
		{D65F99B5-F79F-471A-8F0A-2D5FA33B22E0}.Release|Any CPU.Build.0 = Release|Any CPU
	EndGlobalSection
	GlobalSection(SolutionProperties) = preSolution
		HideSolutionNode = FALSE
	EndGlobalSection
	GlobalSection(ExtensibilityGlobals) = postSolution
		SolutionGuid = {CBDE5888-4DC6-4A1D-981C-E1A8D5AB7E4A}
	EndGlobalSection
EndGlobal
